
Microsoft Visual Studio Solution File, Format Version 12.00
# Visual Studio Version 17
VisualStudioVersion = 17.1.32421.90
MinimumVisualStudioVersion = 10.0.40219.1
Project("{9A19103F-16F7-4668-BE54-9A1E7A4F7556}") = "RemoteDesktopCleaner", "RemoteDesktopCleaner\RemoteDesktopCleaner.csproj", "{25B154A6-E8F6-4624-949D-AD0B8092A356}"
EndProject
Project("{9A19103F-16F7-4668-BE54-9A1E7A4F7556}") = "SynchronizerLibrary", "SynchronizerLibrary\SynchronizerLibrary.csproj", "{E82671BE-0022-49DB-BF16-97DDC9D0AE5C}"
EndProject
Global
	GlobalSection(SolutionConfigurationPlatforms) = preSolution
		CacheData|Any CPU = CacheData|Any CPU
		Cleaner|Any CPU = Cleaner|Any CPU
		Debug|Any CPU = Debug|Any CPU
		Release|Any CPU = Release|Any CPU
		RemoveData|Any CPU = RemoveData|Any CPU
		RestoreData|Any CPU = RestoreData|Any CPU
		ServerInit|Any CPU = ServerInit|Any CPU
		ServerInitDebug|Any CPU = ServerInitDebug|Any CPU
	EndGlobalSection
	GlobalSection(ProjectConfigurationPlatforms) = postSolution
		{25B154A6-E8F6-4624-949D-AD0B8092A356}.CacheData|Any CPU.ActiveCfg = CacheData|Any CPU
		{25B154A6-E8F6-4624-949D-AD0B8092A356}.CacheData|Any CPU.Build.0 = CacheData|Any CPU
		{25B154A6-E8F6-4624-949D-AD0B8092A356}.Cleaner|Any CPU.ActiveCfg = Cleaner|Any CPU
		{25B154A6-E8F6-4624-949D-AD0B8092A356}.Cleaner|Any CPU.Build.0 = Cleaner|Any CPU
		{25B154A6-E8F6-4624-949D-AD0B8092A356}.Debug|Any CPU.ActiveCfg = Debug|Any CPU
		{25B154A6-E8F6-4624-949D-AD0B8092A356}.Debug|Any CPU.Build.0 = Debug|Any CPU
		{25B154A6-E8F6-4624-949D-AD0B8092A356}.Release|Any CPU.ActiveCfg = Release|Any CPU
		{25B154A6-E8F6-4624-949D-AD0B8092A356}.Release|Any CPU.Build.0 = Release|Any CPU
		{25B154A6-E8F6-4624-949D-AD0B8092A356}.RemoveData|Any CPU.ActiveCfg = RemoveData|Any CPU
		{25B154A6-E8F6-4624-949D-AD0B8092A356}.RemoveData|Any CPU.Build.0 = RemoveData|Any CPU
		{25B154A6-E8F6-4624-949D-AD0B8092A356}.RestoreData|Any CPU.ActiveCfg = RestoreData|Any CPU
		{25B154A6-E8F6-4624-949D-AD0B8092A356}.RestoreData|Any CPU.Build.0 = RestoreData|Any CPU
		{25B154A6-E8F6-4624-949D-AD0B8092A356}.ServerInit|Any CPU.ActiveCfg = ServerInit|Any CPU
		{25B154A6-E8F6-4624-949D-AD0B8092A356}.ServerInit|Any CPU.Build.0 = ServerInit|Any CPU
		{25B154A6-E8F6-4624-949D-AD0B8092A356}.ServerInitDebug|Any CPU.ActiveCfg = ServerInit|Any CPU
		{25B154A6-E8F6-4624-949D-AD0B8092A356}.ServerInitDebug|Any CPU.Build.0 = ServerInit|Any CPU
		{E82671BE-0022-49DB-BF16-97DDC9D0AE5C}.CacheData|Any CPU.ActiveCfg = Release|Any CPU
		{E82671BE-0022-49DB-BF16-97DDC9D0AE5C}.CacheData|Any CPU.Build.0 = Release|Any CPU
		{E82671BE-0022-49DB-BF16-97DDC9D0AE5C}.Cleaner|Any CPU.ActiveCfg = Release|Any CPU
		{E82671BE-0022-49DB-BF16-97DDC9D0AE5C}.Cleaner|Any CPU.Build.0 = Release|Any CPU
		{E82671BE-0022-49DB-BF16-97DDC9D0AE5C}.Debug|Any CPU.ActiveCfg = Debug|Any CPU
		{E82671BE-0022-49DB-BF16-97DDC9D0AE5C}.Debug|Any CPU.Build.0 = Debug|Any CPU
		{E82671BE-0022-49DB-BF16-97DDC9D0AE5C}.Release|Any CPU.ActiveCfg = Release|Any CPU
		{E82671BE-0022-49DB-BF16-97DDC9D0AE5C}.Release|Any CPU.Build.0 = Release|Any CPU
		{E82671BE-0022-49DB-BF16-97DDC9D0AE5C}.RemoveData|Any CPU.ActiveCfg = Release|Any CPU
		{E82671BE-0022-49DB-BF16-97DDC9D0AE5C}.RemoveData|Any CPU.Build.0 = Release|Any CPU
		{E82671BE-0022-49DB-BF16-97DDC9D0AE5C}.RestoreData|Any CPU.ActiveCfg = Release|Any CPU
		{E82671BE-0022-49DB-BF16-97DDC9D0AE5C}.RestoreData|Any CPU.Build.0 = Release|Any CPU
		{E82671BE-0022-49DB-BF16-97DDC9D0AE5C}.ServerInit|Any CPU.ActiveCfg = Release|Any CPU
		{E82671BE-0022-49DB-BF16-97DDC9D0AE5C}.ServerInit|Any CPU.Build.0 = Release|Any CPU
		{E82671BE-0022-49DB-BF16-97DDC9D0AE5C}.ServerInitDebug|Any CPU.ActiveCfg = Debug|Any CPU
		{E82671BE-0022-49DB-BF16-97DDC9D0AE5C}.ServerInitDebug|Any CPU.Build.0 = Debug|Any CPU
	EndGlobalSection
	GlobalSection(SolutionProperties) = preSolution
		HideSolutionNode = FALSE
	EndGlobalSection
	GlobalSection(ExtensibilityGlobals) = postSolution
		SolutionGuid = {31B0F112-FFE2-43E9-8653-6C3CECFB28DF}
	EndGlobalSection
EndGlobal
